
Microsoft Visual Studio Solution File, Format Version 12.00
# Visual Studio Version 16
VisualStudioVersion = 16.0.30907.101
MinimumVisualStudioVersion = 10.0.40219.1
Project("{FAE04EC0-301F-11D3-BF4B-00C04F79EFBC}") = "phonelib", "phonelib\phonelib.csproj", "{4E21FB69-438D-4E59-A509-E716DE6BE41E}"
EndProject
Global
	GlobalSection(SolutionConfigurationPlatforms) = preSolution
		Debug|Any CPU = Debug|Any CPU
		Release|Any CPU = Release|Any CPU
	EndGlobalSection
	GlobalSection(ProjectConfigurationPlatforms) = postSolution
		{4E21FB69-438D-4E59-A509-E716DE6BE41E}.Debug|Any CPU.ActiveCfg = Debug|Any CPU
		{4E21FB69-438D-4E59-A509-E716DE6BE41E}.Debug|Any CPU.Build.0 = Debug|Any CPU
		{4E21FB69-438D-4E59-A509-E716DE6BE41E}.Release|Any CPU.ActiveCfg = Release|Any CPU
		{4E21FB69-438D-4E59-A509-E716DE6BE41E}.Release|Any CPU.Build.0 = Release|Any CPU
	EndGlobalSection
	GlobalSection(SolutionProperties) = preSolution
		HideSolutionNode = FALSE
	EndGlobalSection
	GlobalSection(ExtensibilityGlobals) = postSolution
		SolutionGuid = {8AEE6D06-E46F-4CB4-A3E9-B3B6598F66CB}
	EndGlobalSection
EndGlobal
